
Microsoft Visual Studio Solution File, Format Version 12.00
# Visual Studio Version 17
VisualStudioVersion = 17.3.32811.315
MinimumVisualStudioVersion = 10.0.40219.1
Project("{FAE04EC0-301F-11D3-BF4B-00C04F79EFBC}") = "WebClientTemplate", "WebClientTemplate\WebClientTemplate.csproj", "{336E73BF-1BF4-4BD1-BE3D-8401BCD8220C}"
EndProject
Global
	GlobalSection(SolutionConfigurationPlatforms) = preSolution
		Debug|Any CPU = Debug|Any CPU
		Release|Any CPU = Release|Any CPU
	EndGlobalSection
	GlobalSection(ProjectConfigurationPlatforms) = postSolution
		{336E73BF-1BF4-4BD1-BE3D-8401BCD8220C}.Debug|Any CPU.ActiveCfg = Debug|Any CPU
		{336E73BF-1BF4-4BD1-BE3D-8401BCD8220C}.Debug|Any CPU.Build.0 = Debug|Any CPU
		{336E73BF-1BF4-4BD1-BE3D-8401BCD8220C}.Release|Any CPU.ActiveCfg = Release|Any CPU
		{336E73BF-1BF4-4BD1-BE3D-8401BCD8220C}.Release|Any CPU.Build.0 = Release|Any CPU
	EndGlobalSection
	GlobalSection(SolutionProperties) = preSolution
		HideSolutionNode = FALSE
	EndGlobalSection
	GlobalSection(ExtensibilityGlobals) = postSolution
		SolutionGuid = {3D44BD84-071E-4CF0-AF37-D733985BCD24}
	EndGlobalSection
EndGlobal
